
Microsoft Visual Studio Solution File, Format Version 12.00
# Visual Studio Version 17
VisualStudioVersion = 17.0.31903.59
MinimumVisualStudioVersion = 10.0.40219.1
Project("{FAE04EC0-301F-11D3-BF4B-00C04F79EFBC}") = "CineTrack.WebAPI", "CineTrack.WebAPI\CineTrack.WebAPI.csproj", "{232FC24D-4BF6-407E-B390-76C328DF329F}"
EndProject
Project("{FAE04EC0-301F-11D3-BF4B-00C04F79EFBC}") = "CineTrack.DataAccess", "CineTrack.DataAccess\CineTrack.DataAccess.csproj", "{1CEDD236-F2F7-4697-A153-2F228822B518}"
EndProject
Project("{FAE04EC0-301F-11D3-BF4B-00C04F79EFBC}") = "CineTrack.MvcUI", "CineTrack.MvcUI\CineTrack.MvcUI.csproj", "{1E3EE5AE-4EC1-4DAD-A20C-92D6AD044BD5}"
EndProject
Global
	GlobalSection(SolutionConfigurationPlatforms) = preSolution
		Debug|Any CPU = Debug|Any CPU
		Debug|x64 = Debug|x64
		Debug|x86 = Debug|x86
		Release|Any CPU = Release|Any CPU
		Release|x64 = Release|x64
		Release|x86 = Release|x86
	EndGlobalSection
	GlobalSection(ProjectConfigurationPlatforms) = postSolution
		{232FC24D-4BF6-407E-B390-76C328DF329F}.Debug|Any CPU.ActiveCfg = Debug|Any CPU
		{232FC24D-4BF6-407E-B390-76C328DF329F}.Debug|Any CPU.Build.0 = Debug|Any CPU
		{232FC24D-4BF6-407E-B390-76C328DF329F}.Debug|x64.ActiveCfg = Debug|Any CPU
		{232FC24D-4BF6-407E-B390-76C328DF329F}.Debug|x64.Build.0 = Debug|Any CPU
		{232FC24D-4BF6-407E-B390-76C328DF329F}.Debug|x86.ActiveCfg = Debug|Any CPU
		{232FC24D-4BF6-407E-B390-76C328DF329F}.Debug|x86.Build.0 = Debug|Any CPU
		{232FC24D-4BF6-407E-B390-76C328DF329F}.Release|Any CPU.ActiveCfg = Release|Any CPU
		{232FC24D-4BF6-407E-B390-76C328DF329F}.Release|Any CPU.Build.0 = Release|Any CPU
		{232FC24D-4BF6-407E-B390-76C328DF329F}.Release|x64.ActiveCfg = Release|Any CPU
		{232FC24D-4BF6-407E-B390-76C328DF329F}.Release|x64.Build.0 = Release|Any CPU
		{232FC24D-4BF6-407E-B390-76C328DF329F}.Release|x86.ActiveCfg = Release|Any CPU
		{232FC24D-4BF6-407E-B390-76C328DF329F}.Release|x86.Build.0 = Release|Any CPU
		{1CEDD236-F2F7-4697-A153-2F228822B518}.Debug|Any CPU.ActiveCfg = Debug|Any CPU
		{1CEDD236-F2F7-4697-A153-2F228822B518}.Debug|Any CPU.Build.0 = Debug|Any CPU
		{1CEDD236-F2F7-4697-A153-2F228822B518}.Debug|x64.ActiveCfg = Debug|Any CPU
		{1CEDD236-F2F7-4697-A153-2F228822B518}.Debug|x64.Build.0 = Debug|Any CPU
		{1CEDD236-F2F7-4697-A153-2F228822B518}.Debug|x86.ActiveCfg = Debug|Any CPU
		{1CEDD236-F2F7-4697-A153-2F228822B518}.Debug|x86.Build.0 = Debug|Any CPU
		{1CEDD236-F2F7-4697-A153-2F228822B518}.Release|Any CPU.ActiveCfg = Release|Any CPU
		{1CEDD236-F2F7-4697-A153-2F228822B518}.Release|Any CPU.Build.0 = Release|Any CPU
		{1CEDD236-F2F7-4697-A153-2F228822B518}.Release|x64.ActiveCfg = Release|Any CPU
		{1CEDD236-F2F7-4697-A153-2F228822B518}.Release|x64.Build.0 = Release|Any CPU
		{1CEDD236-F2F7-4697-A153-2F228822B518}.Release|x86.ActiveCfg = Release|Any CPU
		{1CEDD236-F2F7-4697-A153-2F228822B518}.Release|x86.Build.0 = Release|Any CPU
		{1E3EE5AE-4EC1-4DAD-A20C-92D6AD044BD5}.Debug|Any CPU.ActiveCfg = Debug|Any CPU
		{1E3EE5AE-4EC1-4DAD-A20C-92D6AD044BD5}.Debug|Any CPU.Build.0 = Debug|Any CPU
		{1E3EE5AE-4EC1-4DAD-A20C-92D6AD044BD5}.Debug|x64.ActiveCfg = Debug|Any CPU
		{1E3EE5AE-4EC1-4DAD-A20C-92D6AD044BD5}.Debug|x64.Build.0 = Debug|Any CPU
		{1E3EE5AE-4EC1-4DAD-A20C-92D6AD044BD5}.Debug|x86.ActiveCfg = Debug|Any CPU
		{1E3EE5AE-4EC1-4DAD-A20C-92D6AD044BD5}.Debug|x86.Build.0 = Debug|Any CPU
		{1E3EE5AE-4EC1-4DAD-A20C-92D6AD044BD5}.Release|Any CPU.ActiveCfg = Release|Any CPU
		{1E3EE5AE-4EC1-4DAD-A20C-92D6AD044BD5}.Release|Any CPU.Build.0 = Release|Any CPU
		{1E3EE5AE-4EC1-4DAD-A20C-92D6AD044BD5}.Release|x64.ActiveCfg = Release|Any CPU
		{1E3EE5AE-4EC1-4DAD-A20C-92D6AD044BD5}.Release|x64.Build.0 = Release|Any CPU
		{1E3EE5AE-4EC1-4DAD-A20C-92D6AD044BD5}.Release|x86.ActiveCfg = Release|Any CPU
		{1E3EE5AE-4EC1-4DAD-A20C-92D6AD044BD5}.Release|x86.Build.0 = Release|Any CPU
	EndGlobalSection
	GlobalSection(SolutionProperties) = preSolution
		HideSolutionNode = FALSE
	EndGlobalSection
EndGlobal
